// !$*UTF8*$!
{
	archiveVersion = 1;
	classes = {
	};
	objectVersion = 51;
	objects = {

/* Begin PBXBuildFile section */
		5D00C22824F08E4100520274 /* ItineraryView.swift in Sources */ = {isa = PBXBuildFile; fileRef = 5D00C22724F08E4100520274 /* ItineraryView.swift */; };
		5D00C22C24F24F3E00520274 /* SetupEmailViewController.swift in Sources */ = {isa = PBXBuildFile; fileRef = 5D00C22B24F24F3E00520274 /* SetupEmailViewController.swift */; };
		5D00C22E24F24F7400520274 /* SetupPasswordViewController.swift in Sources */ = {isa = PBXBuildFile; fileRef = 5D00C22D24F24F7400520274 /* SetupPasswordViewController.swift */; };
		5D00C23024F24FC900520274 /* UITextFieldPadding.swift in Sources */ = {isa = PBXBuildFile; fileRef = 5D00C22F24F24FC900520274 /* UITextFieldPadding.swift */; };
		5D00C23224F2508800520274 /* DateTableViewCell.swift in Sources */ = {isa = PBXBuildFile; fileRef = 5D00C23124F2508800520274 /* DateTableViewCell.swift */; };
		5D07FBB22470C0B4005F2E33 /* AppDelegate.swift in Sources */ = {isa = PBXBuildFile; fileRef = 5D07FBB12470C0B4005F2E33 /* AppDelegate.swift */; };
		5D07FBB42470C0B4005F2E33 /* SceneDelegate.swift in Sources */ = {isa = PBXBuildFile; fileRef = 5D07FBB32470C0B4005F2E33 /* SceneDelegate.swift */; };
		5D07FBBB2470C0B5005F2E33 /* Assets.xcassets in Resources */ = {isa = PBXBuildFile; fileRef = 5D07FBBA2470C0B5005F2E33 /* Assets.xcassets */; };
		5D07FBC92470C0B5005F2E33 /* sparkTests.swift in Sources */ = {isa = PBXBuildFile; fileRef = 5D07FBC82470C0B5005F2E33 /* sparkTests.swift */; };
		5D07FBD42470C0B5005F2E33 /* sparkUITests.swift in Sources */ = {isa = PBXBuildFile; fileRef = 5D07FBD32470C0B5005F2E33 /* sparkUITests.swift */; };
		5D07FBE32470F601005F2E33 /* Extensions.swift in Sources */ = {isa = PBXBuildFile; fileRef = 5D07FBE22470F601005F2E33 /* Extensions.swift */; };
		5D0C02E824787C6600463868 /* CategoryData.swift in Sources */ = {isa = PBXBuildFile; fileRef = 5D0C02E724787C6600463868 /* CategoryData.swift */; };
		5D0C02EA2478877A00463868 /* CategoryModel.swift in Sources */ = {isa = PBXBuildFile; fileRef = 5D0C02E92478877A00463868 /* CategoryModel.swift */; };
		5D0CEDBA2478614C006C672C /* CategoriesManager.swift in Sources */ = {isa = PBXBuildFile; fileRef = 5D0CEDB92478614C006C672C /* CategoriesManager.swift */; };
		5D1013A1247A307F004EE552 /* ResultsViewController.swift in Sources */ = {isa = PBXBuildFile; fileRef = 5D1013A0247A307F004EE552 /* ResultsViewController.swift */; };
		5D178BCA247B30CF00C9F78D /* ActivityModel.swift in Sources */ = {isa = PBXBuildFile; fileRef = 5D178BC7247B30CD00C9F78D /* ActivityModel.swift */; };
		5D178BCB247B30CF00C9F78D /* ActivityManager.swift in Sources */ = {isa = PBXBuildFile; fileRef = 5D178BC8247B30CE00C9F78D /* ActivityManager.swift */; };
		5D178BCC247B30CF00C9F78D /* ActivityData.swift in Sources */ = {isa = PBXBuildFile; fileRef = 5D178BC9247B30CF00C9F78D /* ActivityData.swift */; };
		5D178BCE247C513800C9F78D /* DateModel.swift in Sources */ = {isa = PBXBuildFile; fileRef = 5D178BCD247C513800C9F78D /* DateModel.swift */; };
		5D178BD2247C55EE00C9F78D /* TypesController.swift in Sources */ = {isa = PBXBuildFile; fileRef = 5D178BD1247C55EE00C9F78D /* TypesController.swift */; };
		5D178BD6247C732D00C9F78D /* Descriptions.swift in Sources */ = {isa = PBXBuildFile; fileRef = 5D178BD5247C732D00C9F78D /* Descriptions.swift */; };
		5D178BD8247C733500C9F78D /* DescriptionCell.swift in Sources */ = {isa = PBXBuildFile; fileRef = 5D178BD7247C733500C9F78D /* DescriptionCell.swift */; };
		5D207CB8249D96A4006E4349 /* BudgetCell.swift in Sources */ = {isa = PBXBuildFile; fileRef = 5D207CB7249D96A4006E4349 /* BudgetCell.swift */; };
		5D4A03232479C0FE00CB5986 /* SelectedModel.swift in Sources */ = {isa = PBXBuildFile; fileRef = 5D4A03222479C0FE00CB5986 /* SelectedModel.swift */; };
		5D5694002510730700CA6874 /* IntroHeader.swift in Sources */ = {isa = PBXBuildFile; fileRef = 5D5693FF2510730700CA6874 /* IntroHeader.swift */; };
		5D57537E248088C200C190F5 /* UserSelectedModel.swift in Sources */ = {isa = PBXBuildFile; fileRef = 5D57537D248088C200C190F5 /* UserSelectedModel.swift */; };
		5D57538224808EAB00C190F5 /* QuestionsViewController.swift in Sources */ = {isa = PBXBuildFile; fileRef = 5D57538124808EAB00C190F5 /* QuestionsViewController.swift */; };
		5D57538424808FB700C190F5 /* QuestionCell.swift in Sources */ = {isa = PBXBuildFile; fileRef = 5D57538324808FB700C190F5 /* QuestionCell.swift */; };
		5D5C89692486039200939F5D /* ResultsCell.swift in Sources */ = {isa = PBXBuildFile; fileRef = 5D5C89682486039200939F5D /* ResultsCell.swift */; };
		5D5C896B2486E95D00939F5D /* DatesCell.swift in Sources */ = {isa = PBXBuildFile; fileRef = 5D5C896A2486E95D00939F5D /* DatesCell.swift */; };
		5D5C896D2487363700939F5D /* DetailsViewController.swift in Sources */ = {isa = PBXBuildFile; fileRef = 5D5C896C2487363700939F5D /* DetailsViewController.swift */; };
		5D5C89712488A4B900939F5D /* ItineraryViewController.swift in Sources */ = {isa = PBXBuildFile; fileRef = 5D5C89702488A4B900939F5D /* ItineraryViewController.swift */; };
		5D5C89732488CF2900939F5D /* ItineraryCell.swift in Sources */ = {isa = PBXBuildFile; fileRef = 5D5C89722488CF2900939F5D /* ItineraryCell.swift */; };
		5D5D0FED24763D1C0038C339 /* Filters.swift in Sources */ = {isa = PBXBuildFile; fileRef = 5D5D0FEC24763D1C0038C339 /* Filters.swift */; };
		5D61DD462477434200C10099 /* FilterScreenCell.swift in Sources */ = {isa = PBXBuildFile; fileRef = 5D61DD452477434200C10099 /* FilterScreenCell.swift */; };
		5D8D647C24987BD50015ED58 /* ConfirmButtonFooter.swift in Sources */ = {isa = PBXBuildFile; fileRef = 5D8D647B24987BD50015ED58 /* ConfirmButtonFooter.swift */; };
		5D988E10256E6E2B001D17C7 /* PlaceViewController.swift in Sources */ = {isa = PBXBuildFile; fileRef = 5D988E0F256E6E2B001D17C7 /* PlaceViewController.swift */; };
		5DAFCD9F2475CB1900151A34 /* MenuBar.swift in Sources */ = {isa = PBXBuildFile; fileRef = 5DAFCD9E2475CB1900151A34 /* MenuBar.swift */; };
		5DB9DA5324AC632300B485B7 /* HomeViewController.swift in Sources */ = {isa = PBXBuildFile; fileRef = 5DB9DA5224AC632300B485B7 /* HomeViewController.swift */; };
		5DB9DA5524AD313800B485B7 /* ExploreViewCell.swift in Sources */ = {isa = PBXBuildFile; fileRef = 5DB9DA5424AD313800B485B7 /* ExploreViewCell.swift */; };
		5DB9DA5B24B3F84500B485B7 /* sparklogogif.gif in Resources */ = {isa = PBXBuildFile; fileRef = 5DB9DA5A24B3F84400B485B7 /* sparklogogif.gif */; };
		5DB9DA5D24B5BC2100B485B7 /* LaunchScreen.storyboard in Resources */ = {isa = PBXBuildFile; fileRef = 5DB9DA5C24B5BC2100B485B7 /* LaunchScreen.storyboard */; };
		5DCE10D324A1473D005F2345 /* SparkTabBarController.swift in Sources */ = {isa = PBXBuildFile; fileRef = 5DCE10D224A1473D005F2345 /* SparkTabBarController.swift */; };
		5DCE10D524A1495A005F2345 /* icons8-home-50 (1).png in Resources */ = {isa = PBXBuildFile; fileRef = 5DCE10D424A1495A005F2345 /* icons8-home-50 (1).png */; };
		5DF233A82574F9C800885CD7 /* InfoCollectionViewCell.swift in Sources */ = {isa = PBXBuildFile; fileRef = 5DF233A72574F9C800885CD7 /* InfoCollectionViewCell.swift */; };
		6D198BEA24A33EA60094CC35 /* StartViewController.swift in Sources */ = {isa = PBXBuildFile; fileRef = 6D198BE924A33EA60094CC35 /* StartViewController.swift */; };
		6D198BEE24A33EEF0094CC35 /* SignUpViewController.swift in Sources */ = {isa = PBXBuildFile; fileRef = 6D198BED24A33EEF0094CC35 /* SignUpViewController.swift */; };
		6D198BF024A33F130094CC35 /* LoginViewController.swift in Sources */ = {isa = PBXBuildFile; fileRef = 6D198BEF24A33F130094CC35 /* LoginViewController.swift */; };
		6D198BF424A33F7D0094CC35 /* ProfileViewController.swift in Sources */ = {isa = PBXBuildFile; fileRef = 6D198BF324A33F7D0094CC35 /* ProfileViewController.swift */; };
		6D198BF824A33FB40094CC35 /* SetupProfileViewController.swift in Sources */ = {isa = PBXBuildFile; fileRef = 6D198BF724A33FB40094CC35 /* SetupProfileViewController.swift */; };
		6D198BFC24A3400F0094CC35 /* SetupUsernameViewController.swift in Sources */ = {isa = PBXBuildFile; fileRef = 6D198BFB24A3400E0094CC35 /* SetupUsernameViewController.swift */; };
		6D198C0024A340550094CC35 /* DateCollectionViewCell.swift in Sources */ = {isa = PBXBuildFile; fileRef = 6D198BFF24A340550094CC35 /* DateCollectionViewCell.swift */; };
		6D198C0224A340860094CC35 /* Utilities.swift in Sources */ = {isa = PBXBuildFile; fileRef = 6D198C0124A340860094CC35 /* Utilities.swift */; };
		6D198C0424A341750094CC35 /* GoogleService-Info.plist in Resources */ = {isa = PBXBuildFile; fileRef = 6D198C0324A341750094CC35 /* GoogleService-Info.plist */; };
		6D198C0624A3422F0094CC35 /* RopaSans-Regular.ttf in Resources */ = {isa = PBXBuildFile; fileRef = 6D198C0524A3422F0094CC35 /* RopaSans-Regular.ttf */; };
		6D51711C261DD706007F2C70 /* CategoryCell.swift in Sources */ = {isa = PBXBuildFile; fileRef = 6D51711B261DD706007F2C70 /* CategoryCell.swift */; };
		6D517121261DD710007F2C70 /* HalfSizePresentationController.swift in Sources */ = {isa = PBXBuildFile; fileRef = 6D517120261DD710007F2C70 /* HalfSizePresentationController.swift */; };
		9436571C1093AA7EF362008C /* Pods_spark_sparkUITests.framework in Frameworks */ = {isa = PBXBuildFile; fileRef = 73EA7BF74D5EF4E9DEE07BB8 /* Pods_spark_sparkUITests.framework */; };
		BE1020715E811E048FB6A739 /* Pods_sparkTests.framework in Frameworks */ = {isa = PBXBuildFile; fileRef = 3E04AB7C5EB6A218E7B41FED /* Pods_sparkTests.framework */; };
		D95A002AA881BBAF4C0D4A2A /* Pods_spark.framework in Frameworks */ = {isa = PBXBuildFile; fileRef = 07C6E0F7DE149B53EE538FC0 /* Pods_spark.framework */; };
/* End PBXBuildFile section */

/* Begin PBXContainerItemProxy section */
		5D07FBC52470C0B5005F2E33 /* PBXContainerItemProxy */ = {
			isa = PBXContainerItemProxy;
			containerPortal = 5D07FBA62470C0B4005F2E33 /* Project object */;
			proxyType = 1;
			remoteGlobalIDString = 5D07FBAD2470C0B4005F2E33;
			remoteInfo = spark;
		};
		5D07FBD02470C0B5005F2E33 /* PBXContainerItemProxy */ = {
			isa = PBXContainerItemProxy;
			containerPortal = 5D07FBA62470C0B4005F2E33 /* Project object */;
			proxyType = 1;
			remoteGlobalIDString = 5D07FBAD2470C0B4005F2E33;
			remoteInfo = spark;
		};
/* End PBXContainerItemProxy section */

/* Begin PBXFileReference section */
		07C6E0F7DE149B53EE538FC0 /* Pods_spark.framework */ = {isa = PBXFileReference; explicitFileType = wrapper.framework; includeInIndex = 0; path = Pods_spark.framework; sourceTree = BUILT_PRODUCTS_DIR; };
		2BD80236ECF2F0A3D2AC9DEE /* Pods-spark-sparkUITests.debug.xcconfig */ = {isa = PBXFileReference; includeInIndex = 1; lastKnownFileType = text.xcconfig; name = "Pods-spark-sparkUITests.debug.xcconfig"; path = "Pods/Target Support Files/Pods-spark-sparkUITests/Pods-spark-sparkUITests.debug.xcconfig"; sourceTree = "<group>"; };
		2CA8BF2C744D5AEB931F613B /* Pods-sparkTests.release.xcconfig */ = {isa = PBXFileReference; includeInIndex = 1; lastKnownFileType = text.xcconfig; name = "Pods-sparkTests.release.xcconfig"; path = "Pods/Target Support Files/Pods-sparkTests/Pods-sparkTests.release.xcconfig"; sourceTree = "<group>"; };
		3E04AB7C5EB6A218E7B41FED /* Pods_sparkTests.framework */ = {isa = PBXFileReference; explicitFileType = wrapper.framework; includeInIndex = 0; path = Pods_sparkTests.framework; sourceTree = BUILT_PRODUCTS_DIR; };
		47F050540A0FAC80F7D33732 /* Pods-sparkTests.debug.xcconfig */ = {isa = PBXFileReference; includeInIndex = 1; lastKnownFileType = text.xcconfig; name = "Pods-sparkTests.debug.xcconfig"; path = "Pods/Target Support Files/Pods-sparkTests/Pods-sparkTests.debug.xcconfig"; sourceTree = "<group>"; };
		5BAF0527398B1E134B564D11 /* Pods-sparkUITests.debug.xcconfig */ = {isa = PBXFileReference; includeInIndex = 1; lastKnownFileType = text.xcconfig; name = "Pods-sparkUITests.debug.xcconfig"; path = "Pods/Target Support Files/Pods-sparkUITests/Pods-sparkUITests.debug.xcconfig"; sourceTree = "<group>"; };
		5D00C22724F08E4100520274 /* ItineraryView.swift */ = {isa = PBXFileReference; fileEncoding = 4; lastKnownFileType = sourcecode.swift; path = ItineraryView.swift; sourceTree = "<group>"; };
		5D00C22B24F24F3E00520274 /* SetupEmailViewController.swift */ = {isa = PBXFileReference; lastKnownFileType = sourcecode.swift; path = SetupEmailViewController.swift; sourceTree = "<group>"; };
		5D00C22D24F24F7400520274 /* SetupPasswordViewController.swift */ = {isa = PBXFileReference; lastKnownFileType = sourcecode.swift; path = SetupPasswordViewController.swift; sourceTree = "<group>"; };
		5D00C22F24F24FC900520274 /* UITextFieldPadding.swift */ = {isa = PBXFileReference; lastKnownFileType = sourcecode.swift; path = UITextFieldPadding.swift; sourceTree = "<group>"; };
		5D00C23124F2508800520274 /* DateTableViewCell.swift */ = {isa = PBXFileReference; lastKnownFileType = sourcecode.swift; path = DateTableViewCell.swift; sourceTree = "<group>"; };
		5D07FBAE2470C0B4005F2E33 /* spark.app */ = {isa = PBXFileReference; explicitFileType = wrapper.application; includeInIndex = 0; path = spark.app; sourceTree = BUILT_PRODUCTS_DIR; };
		5D07FBB12470C0B4005F2E33 /* AppDelegate.swift */ = {isa = PBXFileReference; lastKnownFileType = sourcecode.swift; path = AppDelegate.swift; sourceTree = "<group>"; };
		5D07FBB32470C0B4005F2E33 /* SceneDelegate.swift */ = {isa = PBXFileReference; lastKnownFileType = sourcecode.swift; path = SceneDelegate.swift; sourceTree = "<group>"; };
		5D07FBBA2470C0B5005F2E33 /* Assets.xcassets */ = {isa = PBXFileReference; lastKnownFileType = folder.assetcatalog; path = Assets.xcassets; sourceTree = "<group>"; };
		5D07FBBF2470C0B5005F2E33 /* Info.plist */ = {isa = PBXFileReference; lastKnownFileType = text.plist.xml; path = Info.plist; sourceTree = "<group>"; };
		5D07FBC42470C0B5005F2E33 /* sparkTests.xctest */ = {isa = PBXFileReference; explicitFileType = wrapper.cfbundle; includeInIndex = 0; path = sparkTests.xctest; sourceTree = BUILT_PRODUCTS_DIR; };
		5D07FBC82470C0B5005F2E33 /* sparkTests.swift */ = {isa = PBXFileReference; lastKnownFileType = sourcecode.swift; path = sparkTests.swift; sourceTree = "<group>"; };
		5D07FBCA2470C0B5005F2E33 /* Info.plist */ = {isa = PBXFileReference; lastKnownFileType = text.plist.xml; path = Info.plist; sourceTree = "<group>"; };
		5D07FBCF2470C0B5005F2E33 /* sparkUITests.xctest */ = {isa = PBXFileReference; explicitFileType = wrapper.cfbundle; includeInIndex = 0; path = sparkUITests.xctest; sourceTree = BUILT_PRODUCTS_DIR; };
		5D07FBD32470C0B5005F2E33 /* sparkUITests.swift */ = {isa = PBXFileReference; lastKnownFileType = sourcecode.swift; path = sparkUITests.swift; sourceTree = "<group>"; };
		5D07FBD52470C0B5005F2E33 /* Info.plist */ = {isa = PBXFileReference; lastKnownFileType = text.plist.xml; path = Info.plist; sourceTree = "<group>"; };
		5D07FBE22470F601005F2E33 /* Extensions.swift */ = {isa = PBXFileReference; lastKnownFileType = sourcecode.swift; path = Extensions.swift; sourceTree = "<group>"; };
		5D0C02E724787C6600463868 /* CategoryData.swift */ = {isa = PBXFileReference; lastKnownFileType = sourcecode.swift; path = CategoryData.swift; sourceTree = "<group>"; };
		5D0C02E92478877A00463868 /* CategoryModel.swift */ = {isa = PBXFileReference; lastKnownFileType = sourcecode.swift; path = CategoryModel.swift; sourceTree = "<group>"; };
		5D0CEDB92478614C006C672C /* CategoriesManager.swift */ = {isa = PBXFileReference; lastKnownFileType = sourcecode.swift; path = CategoriesManager.swift; sourceTree = "<group>"; };
		5D1013A0247A307F004EE552 /* ResultsViewController.swift */ = {isa = PBXFileReference; lastKnownFileType = sourcecode.swift; path = ResultsViewController.swift; sourceTree = "<group>"; };
		5D178BC7247B30CD00C9F78D /* ActivityModel.swift */ = {isa = PBXFileReference; fileEncoding = 4; lastKnownFileType = sourcecode.swift; path = ActivityModel.swift; sourceTree = "<group>"; };
		5D178BC8247B30CE00C9F78D /* ActivityManager.swift */ = {isa = PBXFileReference; fileEncoding = 4; lastKnownFileType = sourcecode.swift; path = ActivityManager.swift; sourceTree = "<group>"; };
		5D178BC9247B30CF00C9F78D /* ActivityData.swift */ = {isa = PBXFileReference; fileEncoding = 4; lastKnownFileType = sourcecode.swift; path = ActivityData.swift; sourceTree = "<group>"; };
		5D178BCD247C513800C9F78D /* DateModel.swift */ = {isa = PBXFileReference; lastKnownFileType = sourcecode.swift; path = DateModel.swift; sourceTree = "<group>"; };
		5D178BD1247C55EE00C9F78D /* TypesController.swift */ = {isa = PBXFileReference; lastKnownFileType = sourcecode.swift; path = TypesController.swift; sourceTree = "<group>"; };
		5D178BD5247C732D00C9F78D /* Descriptions.swift */ = {isa = PBXFileReference; lastKnownFileType = sourcecode.swift; path = Descriptions.swift; sourceTree = "<group>"; };
		5D178BD7247C733500C9F78D /* DescriptionCell.swift */ = {isa = PBXFileReference; lastKnownFileType = sourcecode.swift; path = DescriptionCell.swift; sourceTree = "<group>"; };
		5D207CB7249D96A4006E4349 /* BudgetCell.swift */ = {isa = PBXFileReference; lastKnownFileType = sourcecode.swift; path = BudgetCell.swift; sourceTree = "<group>"; };
		5D4A03222479C0FE00CB5986 /* SelectedModel.swift */ = {isa = PBXFileReference; lastKnownFileType = sourcecode.swift; path = SelectedModel.swift; sourceTree = "<group>"; };
		5D5693FF2510730700CA6874 /* IntroHeader.swift */ = {isa = PBXFileReference; lastKnownFileType = sourcecode.swift; path = IntroHeader.swift; sourceTree = "<group>"; };
		5D57537D248088C200C190F5 /* UserSelectedModel.swift */ = {isa = PBXFileReference; lastKnownFileType = sourcecode.swift; path = UserSelectedModel.swift; sourceTree = "<group>"; };
		5D57538124808EAB00C190F5 /* QuestionsViewController.swift */ = {isa = PBXFileReference; lastKnownFileType = sourcecode.swift; path = QuestionsViewController.swift; sourceTree = "<group>"; };
		5D57538324808FB700C190F5 /* QuestionCell.swift */ = {isa = PBXFileReference; lastKnownFileType = sourcecode.swift; path = QuestionCell.swift; sourceTree = "<group>"; };
		5D5C89682486039200939F5D /* ResultsCell.swift */ = {isa = PBXFileReference; lastKnownFileType = sourcecode.swift; path = ResultsCell.swift; sourceTree = "<group>"; };
		5D5C896A2486E95D00939F5D /* DatesCell.swift */ = {isa = PBXFileReference; lastKnownFileType = sourcecode.swift; path = DatesCell.swift; sourceTree = "<group>"; };
		5D5C896C2487363700939F5D /* DetailsViewController.swift */ = {isa = PBXFileReference; lastKnownFileType = sourcecode.swift; path = DetailsViewController.swift; sourceTree = "<group>"; };
		5D5C89702488A4B900939F5D /* ItineraryViewController.swift */ = {isa = PBXFileReference; lastKnownFileType = sourcecode.swift; path = ItineraryViewController.swift; sourceTree = "<group>"; };
		5D5C89722488CF2900939F5D /* ItineraryCell.swift */ = {isa = PBXFileReference; lastKnownFileType = sourcecode.swift; path = ItineraryCell.swift; sourceTree = "<group>"; };
		5D5D0FEC24763D1C0038C339 /* Filters.swift */ = {isa = PBXFileReference; lastKnownFileType = sourcecode.swift; path = Filters.swift; sourceTree = "<group>"; };
		5D61DD452477434200C10099 /* FilterScreenCell.swift */ = {isa = PBXFileReference; lastKnownFileType = sourcecode.swift; path = FilterScreenCell.swift; sourceTree = "<group>"; };
		5D8D647B24987BD50015ED58 /* ConfirmButtonFooter.swift */ = {isa = PBXFileReference; lastKnownFileType = sourcecode.swift; path = ConfirmButtonFooter.swift; sourceTree = "<group>"; };
		5D988E0F256E6E2B001D17C7 /* PlaceViewController.swift */ = {isa = PBXFileReference; lastKnownFileType = sourcecode.swift; path = PlaceViewController.swift; sourceTree = "<group>"; };
		5DAFCD9E2475CB1900151A34 /* MenuBar.swift */ = {isa = PBXFileReference; lastKnownFileType = sourcecode.swift; path = MenuBar.swift; sourceTree = "<group>"; };
		5DB9DA5224AC632300B485B7 /* HomeViewController.swift */ = {isa = PBXFileReference; lastKnownFileType = sourcecode.swift; path = HomeViewController.swift; sourceTree = "<group>"; };
		5DB9DA5424AD313800B485B7 /* ExploreViewCell.swift */ = {isa = PBXFileReference; lastKnownFileType = sourcecode.swift; path = ExploreViewCell.swift; sourceTree = "<group>"; };
		5DB9DA5A24B3F84400B485B7 /* sparklogogif.gif */ = {isa = PBXFileReference; lastKnownFileType = image.gif; path = sparklogogif.gif; sourceTree = "<group>"; };
		5DB9DA5C24B5BC2100B485B7 /* LaunchScreen.storyboard */ = {isa = PBXFileReference; lastKnownFileType = file.storyboard; path = LaunchScreen.storyboard; sourceTree = "<group>"; };
		5DCE10D224A1473D005F2345 /* SparkTabBarController.swift */ = {isa = PBXFileReference; lastKnownFileType = sourcecode.swift; path = SparkTabBarController.swift; sourceTree = "<group>"; };
		5DCE10D424A1495A005F2345 /* icons8-home-50 (1).png */ = {isa = PBXFileReference; lastKnownFileType = image.png; path = "icons8-home-50 (1).png"; sourceTree = "<group>"; };
		5DF233A72574F9C800885CD7 /* InfoCollectionViewCell.swift */ = {isa = PBXFileReference; lastKnownFileType = sourcecode.swift; path = InfoCollectionViewCell.swift; sourceTree = "<group>"; };
		6D198BE924A33EA60094CC35 /* StartViewController.swift */ = {isa = PBXFileReference; lastKnownFileType = sourcecode.swift; path = StartViewController.swift; sourceTree = "<group>"; };
		6D198BED24A33EEF0094CC35 /* SignUpViewController.swift */ = {isa = PBXFileReference; lastKnownFileType = sourcecode.swift; path = SignUpViewController.swift; sourceTree = "<group>"; };
		6D198BEF24A33F130094CC35 /* LoginViewController.swift */ = {isa = PBXFileReference; lastKnownFileType = sourcecode.swift; path = LoginViewController.swift; sourceTree = "<group>"; };
		6D198BF324A33F7D0094CC35 /* ProfileViewController.swift */ = {isa = PBXFileReference; lastKnownFileType = sourcecode.swift; path = ProfileViewController.swift; sourceTree = "<group>"; };
		6D198BF724A33FB40094CC35 /* SetupProfileViewController.swift */ = {isa = PBXFileReference; lastKnownFileType = sourcecode.swift; path = SetupProfileViewController.swift; sourceTree = "<group>"; };
		6D198BFB24A3400E0094CC35 /* SetupUsernameViewController.swift */ = {isa = PBXFileReference; lastKnownFileType = sourcecode.swift; path = SetupUsernameViewController.swift; sourceTree = "<group>"; };
		6D198BFD24A340290094CC35 /* SetupBioViewController.swift */ = {isa = PBXFileReference; lastKnownFileType = sourcecode.swift; path = SetupBioViewController.swift; sourceTree = "<group>"; };
		6D198BFF24A340550094CC35 /* DateCollectionViewCell.swift */ = {isa = PBXFileReference; lastKnownFileType = sourcecode.swift; path = DateCollectionViewCell.swift; sourceTree = "<group>"; };
		6D198C0124A340860094CC35 /* Utilities.swift */ = {isa = PBXFileReference; lastKnownFileType = sourcecode.swift; path = Utilities.swift; sourceTree = "<group>"; };
		6D198C0324A341750094CC35 /* GoogleService-Info.plist */ = {isa = PBXFileReference; fileEncoding = 4; lastKnownFileType = text.plist.xml; path = "GoogleService-Info.plist"; sourceTree = "<group>"; };
		6D198C0524A3422F0094CC35 /* RopaSans-Regular.ttf */ = {isa = PBXFileReference; lastKnownFileType = file; path = "RopaSans-Regular.ttf"; sourceTree = "<group>"; };
		6D51711B261DD706007F2C70 /* CategoryCell.swift */ = {isa = PBXFileReference; fileEncoding = 4; lastKnownFileType = sourcecode.swift; path = CategoryCell.swift; sourceTree = "<group>"; };
		6D517120261DD710007F2C70 /* HalfSizePresentationController.swift */ = {isa = PBXFileReference; fileEncoding = 4; lastKnownFileType = sourcecode.swift; path = HalfSizePresentationController.swift; sourceTree = "<group>"; };
		73EA7BF74D5EF4E9DEE07BB8 /* Pods_spark_sparkUITests.framework */ = {isa = PBXFileReference; explicitFileType = wrapper.framework; includeInIndex = 0; path = Pods_spark_sparkUITests.framework; sourceTree = BUILT_PRODUCTS_DIR; };
		741FA46035935C3ADA3B95E9 /* Pods-sparkUITests.release.xcconfig */ = {isa = PBXFileReference; includeInIndex = 1; lastKnownFileType = text.xcconfig; name = "Pods-sparkUITests.release.xcconfig"; path = "Pods/Target Support Files/Pods-sparkUITests/Pods-sparkUITests.release.xcconfig"; sourceTree = "<group>"; };
		ADAE8D233276841BF25C921A /* Pods-spark-sparkUITests.release.xcconfig */ = {isa = PBXFileReference; includeInIndex = 1; lastKnownFileType = text.xcconfig; name = "Pods-spark-sparkUITests.release.xcconfig"; path = "Pods/Target Support Files/Pods-spark-sparkUITests/Pods-spark-sparkUITests.release.xcconfig"; sourceTree = "<group>"; };
		B544EE3418E7DEED5792C239 /* Pods-spark.debug.xcconfig */ = {isa = PBXFileReference; includeInIndex = 1; lastKnownFileType = text.xcconfig; name = "Pods-spark.debug.xcconfig"; path = "Pods/Target Support Files/Pods-spark/Pods-spark.debug.xcconfig"; sourceTree = "<group>"; };
		E898D1A2534A314D7E7218E5 /* Pods-spark.release.xcconfig */ = {isa = PBXFileReference; includeInIndex = 1; lastKnownFileType = text.xcconfig; name = "Pods-spark.release.xcconfig"; path = "Pods/Target Support Files/Pods-spark/Pods-spark.release.xcconfig"; sourceTree = "<group>"; };
/* End PBXFileReference section */

/* Begin PBXFrameworksBuildPhase section */
		5D07FBAB2470C0B4005F2E33 /* Frameworks */ = {
			isa = PBXFrameworksBuildPhase;
			buildActionMask = 2147483647;
			files = (
				D95A002AA881BBAF4C0D4A2A /* Pods_spark.framework in Frameworks */,
			);
			runOnlyForDeploymentPostprocessing = 0;
		};
		5D07FBC12470C0B5005F2E33 /* Frameworks */ = {
			isa = PBXFrameworksBuildPhase;
			buildActionMask = 2147483647;
			files = (
				BE1020715E811E048FB6A739 /* Pods_sparkTests.framework in Frameworks */,
			);
			runOnlyForDeploymentPostprocessing = 0;
		};
		5D07FBCC2470C0B5005F2E33 /* Frameworks */ = {
			isa = PBXFrameworksBuildPhase;
			buildActionMask = 2147483647;
			files = (
				9436571C1093AA7EF362008C /* Pods_spark_sparkUITests.framework in Frameworks */,
			);
			runOnlyForDeploymentPostprocessing = 0;
		};
/* End PBXFrameworksBuildPhase section */

/* Begin PBXGroup section */
		5D07FBA52470C0B4005F2E33 = {
			isa = PBXGroup;
			children = (
				5D07FBB02470C0B4005F2E33 /* spark */,
				5D07FBC72470C0B5005F2E33 /* sparkTests */,
				5D07FBD22470C0B5005F2E33 /* sparkUITests */,
				5D07FBAF2470C0B4005F2E33 /* Products */,
				EC7A8DFD378CF2CC27AC1FFE /* Pods */,
				FD51DB4BC458CAD6FA9BA10D /* Frameworks */,
			);
			sourceTree = "<group>";
		};
		5D07FBAF2470C0B4005F2E33 /* Products */ = {
			isa = PBXGroup;
			children = (
				5D07FBAE2470C0B4005F2E33 /* spark.app */,
				5D07FBC42470C0B5005F2E33 /* sparkTests.xctest */,
				5D07FBCF2470C0B5005F2E33 /* sparkUITests.xctest */,
			);
			name = Products;
			sourceTree = "<group>";
		};
		5D07FBB02470C0B4005F2E33 /* spark */ = {
			isa = PBXGroup;
			children = (
				5D07FBE12470F5D4005F2E33 /* Utils */,
				5D07FBB12470C0B4005F2E33 /* AppDelegate.swift */,
				5D07FBB32470C0B4005F2E33 /* SceneDelegate.swift */,
				5D4A03222479C0FE00CB5986 /* SelectedModel.swift */,
				5D575376247F6C7900C190F5 /* Viewss and Cells  */,
				5D0CEDB92478614C006C672C /* CategoriesManager.swift */,
				5D0C02E724787C6600463868 /* CategoryData.swift */,
				6D51711B261DD706007F2C70 /* CategoryCell.swift */,
				6D517120261DD710007F2C70 /* HalfSizePresentationController.swift */,
				5D0C02E92478877A00463868 /* CategoryModel.swift */,
				5D575375247F6C0B00C190F5 /* Managers */,
				5DCE10D224A1473D005F2345 /* SparkTabBarController.swift */,
				5DE680FC257493E100BE1661 /* UserScreen */,
				5DCAB64B24A281B80077E648 /* View Controllers */,
				5D07FBBA2470C0B5005F2E33 /* Assets.xcassets */,
				5DB9DA5A24B3F84400B485B7 /* sparklogogif.gif */,
				5DCE10D424A1495A005F2345 /* icons8-home-50 (1).png */,
				6D198C0324A341750094CC35 /* GoogleService-Info.plist */,
				6D198C0524A3422F0094CC35 /* RopaSans-Regular.ttf */,
				5D07FBBF2470C0B5005F2E33 /* Info.plist */,
			);
			path = spark;
			sourceTree = "<group>";
		};
		5D07FBC72470C0B5005F2E33 /* sparkTests */ = {
			isa = PBXGroup;
			children = (
				5D07FBC82470C0B5005F2E33 /* sparkTests.swift */,
				5D07FBCA2470C0B5005F2E33 /* Info.plist */,
			);
			path = sparkTests;
			sourceTree = "<group>";
		};
		5D07FBD22470C0B5005F2E33 /* sparkUITests */ = {
			isa = PBXGroup;
			children = (
				5D07FBD32470C0B5005F2E33 /* sparkUITests.swift */,
				5D07FBD52470C0B5005F2E33 /* Info.plist */,
			);
			path = sparkUITests;
			sourceTree = "<group>";
		};
		5D07FBE12470F5D4005F2E33 /* Utils */ = {
			isa = PBXGroup;
			children = (
				5D07FBE22470F601005F2E33 /* Extensions.swift */,
				6D198C0124A340860094CC35 /* Utilities.swift */,
			);
			path = Utils;
			sourceTree = "<group>";
		};
		5D575375247F6C0B00C190F5 /* Managers */ = {
			isa = PBXGroup;
			children = (
				5D57537D248088C200C190F5 /* UserSelectedModel.swift */,
				5D178BCD247C513800C9F78D /* DateModel.swift */,
				5D178BC9247B30CF00C9F78D /* ActivityData.swift */,
				5D178BC8247B30CE00C9F78D /* ActivityManager.swift */,
				5D178BC7247B30CD00C9F78D /* ActivityModel.swift */,
			);
			path = Managers;
			sourceTree = "<group>";
		};
		5D575376247F6C7900C190F5 /* Viewss and Cells  */ = {
			isa = PBXGroup;
			children = (
				5D5D0FEC24763D1C0038C339 /* Filters.swift */,
				5D57538324808FB700C190F5 /* QuestionCell.swift */,
				5D207CB7249D96A4006E4349 /* BudgetCell.swift */,
				5D178BD5247C732D00C9F78D /* Descriptions.swift */,
				5D5C896A2486E95D00939F5D /* DatesCell.swift */,
				5D5C89682486039200939F5D /* ResultsCell.swift */,
				5D00C22724F08E4100520274 /* ItineraryView.swift */,
				5DF233A72574F9C800885CD7 /* InfoCollectionViewCell.swift */,
				5D178BD7247C733500C9F78D /* DescriptionCell.swift */,
				5DAFCD9E2475CB1900151A34 /* MenuBar.swift */,
				5D8D647B24987BD50015ED58 /* ConfirmButtonFooter.swift */,
				5D5C89722488CF2900939F5D /* ItineraryCell.swift */,
				5D61DD452477434200C10099 /* FilterScreenCell.swift */,
				6D198BFF24A340550094CC35 /* DateCollectionViewCell.swift */,
			);
			path = "Viewss and Cells ";
			sourceTree = "<group>";
		};
		5DCAB64B24A281B80077E648 /* View Controllers */ = {
			isa = PBXGroup;
			children = (
				5D5C89702488A4B900939F5D /* ItineraryViewController.swift */,
				5D178BD1247C55EE00C9F78D /* TypesController.swift */,
				5D57538124808EAB00C190F5 /* QuestionsViewController.swift */,
				5D5C896C2487363700939F5D /* DetailsViewController.swift */,
				5D1013A0247A307F004EE552 /* ResultsViewController.swift */,
				5D988E0F256E6E2B001D17C7 /* PlaceViewController.swift */,
				5DB9DA5224AC632300B485B7 /* HomeViewController.swift */,
				5D5693FF2510730700CA6874 /* IntroHeader.swift */,
				5DB9DA5424AD313800B485B7 /* ExploreViewCell.swift */,
				5DB9DA5C24B5BC2100B485B7 /* LaunchScreen.storyboard */,
				5D00C22F24F24FC900520274 /* UITextFieldPadding.swift */,
			);
			path = "View Controllers";
			sourceTree = "<group>";
		};
		5DE680FC257493E100BE1661 /* UserScreen */ = {
			isa = PBXGroup;
			children = (
				6D198BE924A33EA60094CC35 /* StartViewController.swift */,
				6D198BED24A33EEF0094CC35 /* SignUpViewController.swift */,
				6D198BEF24A33F130094CC35 /* LoginViewController.swift */,
				5D00C23124F2508800520274 /* DateTableViewCell.swift */,
				6D198BF324A33F7D0094CC35 /* ProfileViewController.swift */,
				6D198BF724A33FB40094CC35 /* SetupProfileViewController.swift */,
				6D198BFB24A3400E0094CC35 /* SetupUsernameViewController.swift */,
				6D198BFD24A340290094CC35 /* SetupBioViewController.swift */,
				5D00C22B24F24F3E00520274 /* SetupEmailViewController.swift */,
				5D00C22D24F24F7400520274 /* SetupPasswordViewController.swift */,
			);
			path = UserScreen;
			sourceTree = "<group>";
		};
		EC7A8DFD378CF2CC27AC1FFE /* Pods */ = {
			isa = PBXGroup;
			children = (
				B544EE3418E7DEED5792C239 /* Pods-spark.debug.xcconfig */,
				E898D1A2534A314D7E7218E5 /* Pods-spark.release.xcconfig */,
				47F050540A0FAC80F7D33732 /* Pods-sparkTests.debug.xcconfig */,
				2CA8BF2C744D5AEB931F613B /* Pods-sparkTests.release.xcconfig */,
				5BAF0527398B1E134B564D11 /* Pods-sparkUITests.debug.xcconfig */,
				741FA46035935C3ADA3B95E9 /* Pods-sparkUITests.release.xcconfig */,
				2BD80236ECF2F0A3D2AC9DEE /* Pods-spark-sparkUITests.debug.xcconfig */,
				ADAE8D233276841BF25C921A /* Pods-spark-sparkUITests.release.xcconfig */,
			);
			name = Pods;
			sourceTree = "<group>";
		};
		FD51DB4BC458CAD6FA9BA10D /* Frameworks */ = {
			isa = PBXGroup;
			children = (
				07C6E0F7DE149B53EE538FC0 /* Pods_spark.framework */,
				3E04AB7C5EB6A218E7B41FED /* Pods_sparkTests.framework */,
				73EA7BF74D5EF4E9DEE07BB8 /* Pods_spark_sparkUITests.framework */,
			);
			name = Frameworks;
			sourceTree = "<group>";
		};
/* End PBXGroup section */

/* Begin PBXNativeTarget section */
		5D07FBAD2470C0B4005F2E33 /* spark */ = {
			isa = PBXNativeTarget;
			buildConfigurationList = 5D07FBD82470C0B5005F2E33 /* Build configuration list for PBXNativeTarget "spark" */;
			buildPhases = (
				021E65FF0A1D9F32A51AC958 /* [CP] Check Pods Manifest.lock */,
				5D07FBAA2470C0B4005F2E33 /* Sources */,
				5D07FBAB2470C0B4005F2E33 /* Frameworks */,
				5D07FBAC2470C0B4005F2E33 /* Resources */,
				5953303E7721E4C3E9441B1A /* [CP] Embed Pods Frameworks */,
			);
			buildRules = (
			);
			dependencies = (
			);
			name = spark;
			productName = spark;
			productReference = 5D07FBAE2470C0B4005F2E33 /* spark.app */;
			productType = "com.apple.product-type.application";
		};
		5D07FBC32470C0B5005F2E33 /* sparkTests */ = {
			isa = PBXNativeTarget;
			buildConfigurationList = 5D07FBDB2470C0B5005F2E33 /* Build configuration list for PBXNativeTarget "sparkTests" */;
			buildPhases = (
				9F51A866F3B2DAD04ED37DC7 /* [CP] Check Pods Manifest.lock */,
				5D07FBC02470C0B5005F2E33 /* Sources */,
				5D07FBC12470C0B5005F2E33 /* Frameworks */,
				5D07FBC22470C0B5005F2E33 /* Resources */,
			);
			buildRules = (
			);
			dependencies = (
				5D07FBC62470C0B5005F2E33 /* PBXTargetDependency */,
			);
			name = sparkTests;
			productName = sparkTests;
			productReference = 5D07FBC42470C0B5005F2E33 /* sparkTests.xctest */;
			productType = "com.apple.product-type.bundle.unit-test";
		};
		5D07FBCE2470C0B5005F2E33 /* sparkUITests */ = {
			isa = PBXNativeTarget;
			buildConfigurationList = 5D07FBDE2470C0B5005F2E33 /* Build configuration list for PBXNativeTarget "sparkUITests" */;
			buildPhases = (
				D8CE03D3D27D7F0BA25CD9BF /* [CP] Check Pods Manifest.lock */,
				5D07FBCB2470C0B5005F2E33 /* Sources */,
				5D07FBCC2470C0B5005F2E33 /* Frameworks */,
				5D07FBCD2470C0B5005F2E33 /* Resources */,
				09D8891AF16CB89AFEB952A2 /* [CP] Embed Pods Frameworks */,
			);
			buildRules = (
			);
			dependencies = (
				5D07FBD12470C0B5005F2E33 /* PBXTargetDependency */,
			);
			name = sparkUITests;
			productName = sparkUITests;
			productReference = 5D07FBCF2470C0B5005F2E33 /* sparkUITests.xctest */;
			productType = "com.apple.product-type.bundle.ui-testing";
		};
/* End PBXNativeTarget section */

/* Begin PBXProject section */
		5D07FBA62470C0B4005F2E33 /* Project object */ = {
			isa = PBXProject;
			attributes = {
				LastSwiftUpdateCheck = 1100;
				LastUpgradeCheck = 1100;
				ORGANIZATIONNAME = "Joseph Yeh";
				TargetAttributes = {
					5D07FBAD2470C0B4005F2E33 = {
						CreatedOnToolsVersion = 11.0;
					};
					5D07FBC32470C0B5005F2E33 = {
						CreatedOnToolsVersion = 11.0;
						TestTargetID = 5D07FBAD2470C0B4005F2E33;
					};
					5D07FBCE2470C0B5005F2E33 = {
						CreatedOnToolsVersion = 11.0;
						TestTargetID = 5D07FBAD2470C0B4005F2E33;
					};
				};
			};
			buildConfigurationList = 5D07FBA92470C0B4005F2E33 /* Build configuration list for PBXProject "spark" */;
			compatibilityVersion = "Xcode 9.3";
			developmentRegion = en;
			hasScannedForEncodings = 0;
			knownRegions = (
				en,
				Base,
			);
			mainGroup = 5D07FBA52470C0B4005F2E33;
			productRefGroup = 5D07FBAF2470C0B4005F2E33 /* Products */;
			projectDirPath = "";
			projectRoot = "";
			targets = (
				5D07FBAD2470C0B4005F2E33 /* spark */,
				5D07FBC32470C0B5005F2E33 /* sparkTests */,
				5D07FBCE2470C0B5005F2E33 /* sparkUITests */,
			);
		};
/* End PBXProject section */

/* Begin PBXResourcesBuildPhase section */
		5D07FBAC2470C0B4005F2E33 /* Resources */ = {
			isa = PBXResourcesBuildPhase;
			buildActionMask = 2147483647;
			files = (
				5DB9DA5D24B5BC2100B485B7 /* LaunchScreen.storyboard in Resources */,
				5DB9DA5B24B3F84500B485B7 /* sparklogogif.gif in Resources */,
				5DCE10D524A1495A005F2345 /* icons8-home-50 (1).png in Resources */,
				6D198C0424A341750094CC35 /* GoogleService-Info.plist in Resources */,
				5D07FBBB2470C0B5005F2E33 /* Assets.xcassets in Resources */,
				6D198C0624A3422F0094CC35 /* RopaSans-Regular.ttf in Resources */,
			);
			runOnlyForDeploymentPostprocessing = 0;
		};
		5D07FBC22470C0B5005F2E33 /* Resources */ = {
			isa = PBXResourcesBuildPhase;
			buildActionMask = 2147483647;
			files = (
			);
			runOnlyForDeploymentPostprocessing = 0;
		};
		5D07FBCD2470C0B5005F2E33 /* Resources */ = {
			isa = PBXResourcesBuildPhase;
			buildActionMask = 2147483647;
			files = (
			);
			runOnlyForDeploymentPostprocessing = 0;
		};
/* End PBXResourcesBuildPhase section */

/* Begin PBXShellScriptBuildPhase section */
		021E65FF0A1D9F32A51AC958 /* [CP] Check Pods Manifest.lock */ = {
			isa = PBXShellScriptBuildPhase;
			buildActionMask = 2147483647;
			files = (
			);
			inputPaths = (
				"${PODS_PODFILE_DIR_PATH}/Podfile.lock",
				"${PODS_ROOT}/Manifest.lock",
			);
			name = "[CP] Check Pods Manifest.lock";
			outputPaths = (
				"$(DERIVED_FILE_DIR)/Pods-spark-checkManifestLockResult.txt",
			);
			runOnlyForDeploymentPostprocessing = 0;
			shellPath = /bin/sh;
			shellScript = "diff \"${PODS_PODFILE_DIR_PATH}/Podfile.lock\" \"${PODS_ROOT}/Manifest.lock\" > /dev/null\nif [ $? != 0 ] ; then\n    # print error to STDERR\n    echo \"error: The sandbox is not in sync with the Podfile.lock. Run 'pod install' or update your CocoaPods installation.\" >&2\n    exit 1\nfi\n# This output is used by Xcode 'outputs' to avoid re-running this script phase.\necho \"SUCCESS\" > \"${SCRIPT_OUTPUT_FILE_0}\"\n";
			showEnvVarsInLog = 0;
		};
		09D8891AF16CB89AFEB952A2 /* [CP] Embed Pods Frameworks */ = {
			isa = PBXShellScriptBuildPhase;
			buildActionMask = 2147483647;
			files = (
			);
			inputFileListPaths = (
				"${PODS_ROOT}/Target Support Files/Pods-spark-sparkUITests/Pods-spark-sparkUITests-frameworks-${CONFIGURATION}-input-files.xcfilelist",
			);
			name = "[CP] Embed Pods Frameworks";
			outputFileListPaths = (
				"${PODS_ROOT}/Target Support Files/Pods-spark-sparkUITests/Pods-spark-sparkUITests-frameworks-${CONFIGURATION}-output-files.xcfilelist",
			);
			runOnlyForDeploymentPostprocessing = 0;
			shellPath = /bin/sh;
			shellScript = "\"${PODS_ROOT}/Target Support Files/Pods-spark-sparkUITests/Pods-spark-sparkUITests-frameworks.sh\"\n";
			showEnvVarsInLog = 0;
		};
		5953303E7721E4C3E9441B1A /* [CP] Embed Pods Frameworks */ = {
			isa = PBXShellScriptBuildPhase;
			buildActionMask = 2147483647;
			files = (
			);
			inputFileListPaths = (
				"${PODS_ROOT}/Target Support Files/Pods-spark/Pods-spark-frameworks-${CONFIGURATION}-input-files.xcfilelist",
			);
			name = "[CP] Embed Pods Frameworks";
			outputFileListPaths = (
				"${PODS_ROOT}/Target Support Files/Pods-spark/Pods-spark-frameworks-${CONFIGURATION}-output-files.xcfilelist",
			);
			runOnlyForDeploymentPostprocessing = 0;
			shellPath = /bin/sh;
			shellScript = "\"${PODS_ROOT}/Target Support Files/Pods-spark/Pods-spark-frameworks.sh\"\n";
			showEnvVarsInLog = 0;
		};
		9F51A866F3B2DAD04ED37DC7 /* [CP] Check Pods Manifest.lock */ = {
			isa = PBXShellScriptBuildPhase;
			buildActionMask = 2147483647;
			files = (
			);
			inputPaths = (
				"${PODS_PODFILE_DIR_PATH}/Podfile.lock",
				"${PODS_ROOT}/Manifest.lock",
			);
			name = "[CP] Check Pods Manifest.lock";
			outputPaths = (
				"$(DERIVED_FILE_DIR)/Pods-sparkTests-checkManifestLockResult.txt",
			);
			runOnlyForDeploymentPostprocessing = 0;
			shellPath = /bin/sh;
			shellScript = "diff \"${PODS_PODFILE_DIR_PATH}/Podfile.lock\" \"${PODS_ROOT}/Manifest.lock\" > /dev/null\nif [ $? != 0 ] ; then\n    # print error to STDERR\n    echo \"error: The sandbox is not in sync with the Podfile.lock. Run 'pod install' or update your CocoaPods installation.\" >&2\n    exit 1\nfi\n# This output is used by Xcode 'outputs' to avoid re-running this script phase.\necho \"SUCCESS\" > \"${SCRIPT_OUTPUT_FILE_0}\"\n";
			showEnvVarsInLog = 0;
		};
		D8CE03D3D27D7F0BA25CD9BF /* [CP] Check Pods Manifest.lock */ = {
			isa = PBXShellScriptBuildPhase;
			buildActionMask = 2147483647;
			files = (
			);
			inputPaths = (
				"${PODS_PODFILE_DIR_PATH}/Podfile.lock",
				"${PODS_ROOT}/Manifest.lock",
			);
			name = "[CP] Check Pods Manifest.lock";
			outputPaths = (
				"$(DERIVED_FILE_DIR)/Pods-spark-sparkUITests-checkManifestLockResult.txt",
			);
			runOnlyForDeploymentPostprocessing = 0;
			shellPath = /bin/sh;
			shellScript = "diff \"${PODS_PODFILE_DIR_PATH}/Podfile.lock\" \"${PODS_ROOT}/Manifest.lock\" > /dev/null\nif [ $? != 0 ] ; then\n    # print error to STDERR\n    echo \"error: The sandbox is not in sync with the Podfile.lock. Run 'pod install' or update your CocoaPods installation.\" >&2\n    exit 1\nfi\n# This output is used by Xcode 'outputs' to avoid re-running this script phase.\necho \"SUCCESS\" > \"${SCRIPT_OUTPUT_FILE_0}\"\n";
			showEnvVarsInLog = 0;
		};
/* End PBXShellScriptBuildPhase section */

/* Begin PBXSourcesBuildPhase section */
		5D07FBAA2470C0B4005F2E33 /* Sources */ = {
			isa = PBXSourcesBuildPhase;
			buildActionMask = 2147483647;
			files = (
				5DF233A82574F9C800885CD7 /* InfoCollectionViewCell.swift in Sources */,
				5D178BCA247B30CF00C9F78D /* ActivityModel.swift in Sources */,
				5D178BD2247C55EE00C9F78D /* TypesController.swift in Sources */,
				5D8D647C24987BD50015ED58 /* ConfirmButtonFooter.swift in Sources */,
				5D0C02EA2478877A00463868 /* CategoryModel.swift in Sources */,
				5D178BD6247C732D00C9F78D /* Descriptions.swift in Sources */,
				5D1013A1247A307F004EE552 /* ResultsViewController.swift in Sources */,
				5D5D0FED24763D1C0038C339 /* Filters.swift in Sources */,
				5D00C22C24F24F3E00520274 /* SetupEmailViewController.swift in Sources */,
				5D0CEDBA2478614C006C672C /* CategoriesManager.swift in Sources */,
				5D4A03232479C0FE00CB5986 /* SelectedModel.swift in Sources */,
				6D51711C261DD706007F2C70 /* CategoryCell.swift in Sources */,
				5D07FBB22470C0B4005F2E33 /* AppDelegate.swift in Sources */,
				6D198BF824A33FB40094CC35 /* SetupProfileViewController.swift in Sources */,
				5D57538424808FB700C190F5 /* QuestionCell.swift in Sources */,
				6D198BFC24A3400F0094CC35 /* SetupUsernameViewController.swift in Sources */,
				5D00C22E24F24F7400520274 /* SetupPasswordViewController.swift in Sources */,
				5D5694002510730700CA6874 /* IntroHeader.swift in Sources */,
				5D00C23024F24FC900520274 /* UITextFieldPadding.swift in Sources */,
				5DB9DA5324AC632300B485B7 /* HomeViewController.swift in Sources */,
				5D5C89692486039200939F5D /* ResultsCell.swift in Sources */,
				5D178BD8247C733500C9F78D /* DescriptionCell.swift in Sources */,
				6D198C0024A340550094CC35 /* DateCollectionViewCell.swift in Sources */,
				5D5C896B2486E95D00939F5D /* DatesCell.swift in Sources */,
				5D07FBB42470C0B4005F2E33 /* SceneDelegate.swift in Sources */,
				5D57537E248088C200C190F5 /* UserSelectedModel.swift in Sources */,
				6D198C0224A340860094CC35 /* Utilities.swift in Sources */,
				6D198BEA24A33EA60094CC35 /* StartViewController.swift in Sources */,
				5D00C23224F2508800520274 /* DateTableViewCell.swift in Sources */,
				6D198BEE24A33EEF0094CC35 /* SignUpViewController.swift in Sources */,
				5DAFCD9F2475CB1900151A34 /* MenuBar.swift in Sources */,
				5D5C89712488A4B900939F5D /* ItineraryViewController.swift in Sources */,
				5D178BCB247B30CF00C9F78D /* ActivityManager.swift in Sources */,
				5DCE10D324A1473D005F2345 /* SparkTabBarController.swift in Sources */,
				5D207CB8249D96A4006E4349 /* BudgetCell.swift in Sources */,
				5DB9DA5524AD313800B485B7 /* ExploreViewCell.swift in Sources */,
				5D0C02E824787C6600463868 /* CategoryData.swift in Sources */,
				5D61DD462477434200C10099 /* FilterScreenCell.swift in Sources */,
				5D988E10256E6E2B001D17C7 /* PlaceViewController.swift in Sources */,
				6D198BF024A33F130094CC35 /* LoginViewController.swift in Sources */,
				6D517121261DD710007F2C70 /* HalfSizePresentationController.swift in Sources */,
				5D5C896D2487363700939F5D /* DetailsViewController.swift in Sources */,
				5D00C22824F08E4100520274 /* ItineraryView.swift in Sources */,
				5D178BCC247B30CF00C9F78D /* ActivityData.swift in Sources */,
				5D5C89732488CF2900939F5D /* ItineraryCell.swift in Sources */,
				5D57538224808EAB00C190F5 /* QuestionsViewController.swift in Sources */,
				6D198BF424A33F7D0094CC35 /* ProfileViewController.swift in Sources */,
				5D07FBE32470F601005F2E33 /* Extensions.swift in Sources */,
				5D178BCE247C513800C9F78D /* DateModel.swift in Sources */,
			);
			runOnlyForDeploymentPostprocessing = 0;
		};
		5D07FBC02470C0B5005F2E33 /* Sources */ = {
			isa = PBXSourcesBuildPhase;
			buildActionMask = 2147483647;
			files = (
				5D07FBC92470C0B5005F2E33 /* sparkTests.swift in Sources */,
			);
			runOnlyForDeploymentPostprocessing = 0;
		};
		5D07FBCB2470C0B5005F2E33 /* Sources */ = {
			isa = PBXSourcesBuildPhase;
			buildActionMask = 2147483647;
			files = (
				5D07FBD42470C0B5005F2E33 /* sparkUITests.swift in Sources */,
			);
			runOnlyForDeploymentPostprocessing = 0;
		};
/* End PBXSourcesBuildPhase section */

/* Begin PBXTargetDependency section */
		5D07FBC62470C0B5005F2E33 /* PBXTargetDependency */ = {
			isa = PBXTargetDependency;
			target = 5D07FBAD2470C0B4005F2E33 /* spark */;
			targetProxy = 5D07FBC52470C0B5005F2E33 /* PBXContainerItemProxy */;
		};
		5D07FBD12470C0B5005F2E33 /* PBXTargetDependency */ = {
			isa = PBXTargetDependency;
			target = 5D07FBAD2470C0B4005F2E33 /* spark */;
			targetProxy = 5D07FBD02470C0B5005F2E33 /* PBXContainerItemProxy */;
		};
/* End PBXTargetDependency section */

/* Begin XCBuildConfiguration section */
		5D07FBD62470C0B5005F2E33 /* Debug */ = {
			isa = XCBuildConfiguration;
			buildSettings = {
				ALWAYS_SEARCH_USER_PATHS = NO;
				CLANG_ANALYZER_NONNULL = YES;
				CLANG_ANALYZER_NUMBER_OBJECT_CONVERSION = YES_AGGRESSIVE;
				CLANG_CXX_LANGUAGE_STANDARD = "gnu++14";
				CLANG_CXX_LIBRARY = "libc++";
				CLANG_ENABLE_MODULES = YES;
				CLANG_ENABLE_OBJC_ARC = YES;
				CLANG_ENABLE_OBJC_WEAK = YES;
				CLANG_WARN_BLOCK_CAPTURE_AUTORELEASING = YES;
				CLANG_WARN_BOOL_CONVERSION = YES;
				CLANG_WARN_COMMA = YES;
				CLANG_WARN_CONSTANT_CONVERSION = YES;
				CLANG_WARN_DEPRECATED_OBJC_IMPLEMENTATIONS = YES;
				CLANG_WARN_DIRECT_OBJC_ISA_USAGE = YES_ERROR;
				CLANG_WARN_DOCUMENTATION_COMMENTS = YES;
				CLANG_WARN_EMPTY_BODY = YES;
				CLANG_WARN_ENUM_CONVERSION = YES;
				CLANG_WARN_INFINITE_RECURSION = YES;
				CLANG_WARN_INT_CONVERSION = YES;
				CLANG_WARN_NON_LITERAL_NULL_CONVERSION = YES;
				CLANG_WARN_OBJC_IMPLICIT_RETAIN_SELF = YES;
				CLANG_WARN_OBJC_LITERAL_CONVERSION = YES;
				CLANG_WARN_OBJC_ROOT_CLASS = YES_ERROR;
				CLANG_WARN_RANGE_LOOP_ANALYSIS = YES;
				CLANG_WARN_STRICT_PROTOTYPES = YES;
				CLANG_WARN_SUSPICIOUS_MOVE = YES;
				CLANG_WARN_UNGUARDED_AVAILABILITY = YES_AGGRESSIVE;
				CLANG_WARN_UNREACHABLE_CODE = YES;
				CLANG_WARN__DUPLICATE_METHOD_MATCH = YES;
				COPY_PHASE_STRIP = NO;
				DEBUG_INFORMATION_FORMAT = dwarf;
				ENABLE_STRICT_OBJC_MSGSEND = YES;
				ENABLE_TESTABILITY = YES;
				GCC_C_LANGUAGE_STANDARD = gnu11;
				GCC_DYNAMIC_NO_PIC = NO;
				GCC_NO_COMMON_BLOCKS = YES;
				GCC_OPTIMIZATION_LEVEL = 0;
				GCC_PREPROCESSOR_DEFINITIONS = (
					"DEBUG=1",
					"$(inherited)",
				);
				GCC_WARN_64_TO_32_BIT_CONVERSION = YES;
				GCC_WARN_ABOUT_RETURN_TYPE = YES_ERROR;
				GCC_WARN_UNDECLARED_SELECTOR = YES;
				GCC_WARN_UNINITIALIZED_AUTOS = YES_AGGRESSIVE;
				GCC_WARN_UNUSED_FUNCTION = YES;
				GCC_WARN_UNUSED_VARIABLE = YES;
				IPHONEOS_DEPLOYMENT_TARGET = 13.0;
				MTL_ENABLE_DEBUG_INFO = INCLUDE_SOURCE;
				MTL_FAST_MATH = YES;
				ONLY_ACTIVE_ARCH = YES;
				SDKROOT = iphoneos;
				SWIFT_ACTIVE_COMPILATION_CONDITIONS = DEBUG;
				SWIFT_OPTIMIZATION_LEVEL = "-Onone";
			};
			name = Debug;
		};
		5D07FBD72470C0B5005F2E33 /* Release */ = {
			isa = XCBuildConfiguration;
			buildSettings = {
				ALWAYS_SEARCH_USER_PATHS = NO;
				CLANG_ANALYZER_NONNULL = YES;
				CLANG_ANALYZER_NUMBER_OBJECT_CONVERSION = YES_AGGRESSIVE;
				CLANG_CXX_LANGUAGE_STANDARD = "gnu++14";
				CLANG_CXX_LIBRARY = "libc++";
				CLANG_ENABLE_MODULES = YES;
				CLANG_ENABLE_OBJC_ARC = YES;
				CLANG_ENABLE_OBJC_WEAK = YES;
				CLANG_WARN_BLOCK_CAPTURE_AUTORELEASING = YES;
				CLANG_WARN_BOOL_CONVERSION = YES;
				CLANG_WARN_COMMA = YES;
				CLANG_WARN_CONSTANT_CONVERSION = YES;
				CLANG_WARN_DEPRECATED_OBJC_IMPLEMENTATIONS = YES;
				CLANG_WARN_DIRECT_OBJC_ISA_USAGE = YES_ERROR;
				CLANG_WARN_DOCUMENTATION_COMMENTS = YES;
				CLANG_WARN_EMPTY_BODY = YES;
				CLANG_WARN_ENUM_CONVERSION = YES;
				CLANG_WARN_INFINITE_RECURSION = YES;
				CLANG_WARN_INT_CONVERSION = YES;
				CLANG_WARN_NON_LITERAL_NULL_CONVERSION = YES;
				CLANG_WARN_OBJC_IMPLICIT_RETAIN_SELF = YES;
				CLANG_WARN_OBJC_LITERAL_CONVERSION = YES;
				CLANG_WARN_OBJC_ROOT_CLASS = YES_ERROR;
				CLANG_WARN_RANGE_LOOP_ANALYSIS = YES;
				CLANG_WARN_STRICT_PROTOTYPES = YES;
				CLANG_WARN_SUSPICIOUS_MOVE = YES;
				CLANG_WARN_UNGUARDED_AVAILABILITY = YES_AGGRESSIVE;
				CLANG_WARN_UNREACHABLE_CODE = YES;
				CLANG_WARN__DUPLICATE_METHOD_MATCH = YES;
				COPY_PHASE_STRIP = NO;
				DEBUG_INFORMATION_FORMAT = "dwarf-with-dsym";
				ENABLE_NS_ASSERTIONS = NO;
				ENABLE_STRICT_OBJC_MSGSEND = YES;
				GCC_C_LANGUAGE_STANDARD = gnu11;
				GCC_NO_COMMON_BLOCKS = YES;
				GCC_WARN_64_TO_32_BIT_CONVERSION = YES;
				GCC_WARN_ABOUT_RETURN_TYPE = YES_ERROR;
				GCC_WARN_UNDECLARED_SELECTOR = YES;
				GCC_WARN_UNINITIALIZED_AUTOS = YES_AGGRESSIVE;
				GCC_WARN_UNUSED_FUNCTION = YES;
				GCC_WARN_UNUSED_VARIABLE = YES;
				IPHONEOS_DEPLOYMENT_TARGET = 13.0;
				MTL_ENABLE_DEBUG_INFO = NO;
				MTL_FAST_MATH = YES;
				SDKROOT = iphoneos;
				SWIFT_COMPILATION_MODE = wholemodule;
				SWIFT_OPTIMIZATION_LEVEL = "-O";
				VALIDATE_PRODUCT = YES;
			};
			name = Release;
		};
		5D07FBD92470C0B5005F2E33 /* Debug */ = {
			isa = XCBuildConfiguration;
			baseConfigurationReference = B544EE3418E7DEED5792C239 /* Pods-spark.debug.xcconfig */;
			buildSettings = {
				ASSETCATALOG_COMPILER_APPICON_NAME = AppIcon;
				CODE_SIGN_STYLE = Automatic;
				DEVELOPMENT_TEAM = 4N6QJA9PG6;
				INFOPLIST_FILE = spark/Info.plist;
				LD_RUNPATH_SEARCH_PATHS = (
					"$(inherited)",
					"@executable_path/Frameworks",
				);
				PRODUCT_BUNDLE_IDENTIFIER = josephyeh.dx.am.spark;
				PRODUCT_NAME = "$(TARGET_NAME)";
				SWIFT_VERSION = 5.0;
				TARGETED_DEVICE_FAMILY = 1;
			};
			name = Debug;
		};
		5D07FBDA2470C0B5005F2E33 /* Release */ = {
			isa = XCBuildConfiguration;
			baseConfigurationReference = E898D1A2534A314D7E7218E5 /* Pods-spark.release.xcconfig */;
			buildSettings = {
				ASSETCATALOG_COMPILER_APPICON_NAME = AppIcon;
				CODE_SIGN_STYLE = Automatic;
				DEVELOPMENT_TEAM = 4N6QJA9PG6;
				INFOPLIST_FILE = spark/Info.plist;
				LD_RUNPATH_SEARCH_PATHS = (
					"$(inherited)",
					"@executable_path/Frameworks",
				);
				PRODUCT_BUNDLE_IDENTIFIER = josephyeh.dx.am.spark;
				PRODUCT_NAME = "$(TARGET_NAME)";
				SWIFT_VERSION = 5.0;
				TARGETED_DEVICE_FAMILY = 1;
			};
			name = Release;
		};
		5D07FBDC2470C0B5005F2E33 /* Debug */ = {
			isa = XCBuildConfiguration;
			baseConfigurationReference = 47F050540A0FAC80F7D33732 /* Pods-sparkTests.debug.xcconfig */;
			buildSettings = {
				ALWAYS_EMBED_SWIFT_STANDARD_LIBRARIES = YES;
				BUNDLE_LOADER = "$(TEST_HOST)";
				CODE_SIGN_STYLE = Automatic;
				INFOPLIST_FILE = sparkTests/Info.plist;
				IPHONEOS_DEPLOYMENT_TARGET = 13.0;
				LD_RUNPATH_SEARCH_PATHS = (
					"$(inherited)",
					"@executable_path/Frameworks",
					"@loader_path/Frameworks",
				);
				PRODUCT_BUNDLE_IDENTIFIER = josephyeh.dx.am.sparkTests;
				PRODUCT_NAME = "$(TARGET_NAME)";
				SWIFT_VERSION = 5.0;
				TARGETED_DEVICE_FAMILY = "1,2";
				TEST_HOST = "$(BUILT_PRODUCTS_DIR)/spark.app/spark";
			};
			name = Debug;
		};
		5D07FBDD2470C0B5005F2E33 /* Release */ = {
			isa = XCBuildConfiguration;
			baseConfigurationReference = 2CA8BF2C744D5AEB931F613B /* Pods-sparkTests.release.xcconfig */;
			buildSettings = {
				ALWAYS_EMBED_SWIFT_STANDARD_LIBRARIES = YES;
				BUNDLE_LOADER = "$(TEST_HOST)";
				CODE_SIGN_STYLE = Automatic;
				INFOPLIST_FILE = sparkTests/Info.plist;
				IPHONEOS_DEPLOYMENT_TARGET = 13.0;
				LD_RUNPATH_SEARCH_PATHS = (
					"$(inherited)",
					"@executable_path/Frameworks",
					"@loader_path/Frameworks",
				);
				PRODUCT_BUNDLE_IDENTIFIER = josephyeh.dx.am.sparkTests;
				PRODUCT_NAME = "$(TARGET_NAME)";
				SWIFT_VERSION = 5.0;
				TARGETED_DEVICE_FAMILY = "1,2";
				TEST_HOST = "$(BUILT_PRODUCTS_DIR)/spark.app/spark";
			};
			name = Release;
		};
		5D07FBDF2470C0B5005F2E33 /* Debug */ = {
			isa = XCBuildConfiguration;
			baseConfigurationReference = 2BD80236ECF2F0A3D2AC9DEE /* Pods-spark-sparkUITests.debug.xcconfig */;
			buildSettings = {
				ALWAYS_EMBED_SWIFT_STANDARD_LIBRARIES = YES;
				CODE_SIGN_STYLE = Automatic;
				INFOPLIST_FILE = sparkUITests/Info.plist;
				LD_RUNPATH_SEARCH_PATHS = (
					"$(inherited)",
					"@executable_path/Frameworks",
					"@loader_path/Frameworks",
				);
				PRODUCT_BUNDLE_IDENTIFIER = josephyeh.dx.am.sparkUITests;
				PRODUCT_NAME = "$(TARGET_NAME)";
				SWIFT_VERSION = 5.0;
				TARGETED_DEVICE_FAMILY = "1,2";
				TEST_TARGET_NAME = spark;
			};
			name = Debug;
		};
		5D07FBE02470C0B5005F2E33 /* Release */ = {
			isa = XCBuildConfiguration;
			baseConfigurationReference = ADAE8D233276841BF25C921A /* Pods-spark-sparkUITests.release.xcconfig */;
			buildSettings = {
				ALWAYS_EMBED_SWIFT_STANDARD_LIBRARIES = YES;
				CODE_SIGN_STYLE = Automatic;
				INFOPLIST_FILE = sparkUITests/Info.plist;
				LD_RUNPATH_SEARCH_PATHS = (
					"$(inherited)",
					"@executable_path/Frameworks",
					"@loader_path/Frameworks",
				);
				PRODUCT_BUNDLE_IDENTIFIER = josephyeh.dx.am.sparkUITests;
				PRODUCT_NAME = "$(TARGET_NAME)";
				SWIFT_VERSION = 5.0;
				TARGETED_DEVICE_FAMILY = "1,2";
				TEST_TARGET_NAME = spark;
			};
			name = Release;
		};
/* End XCBuildConfiguration section */

/* Begin XCConfigurationList section */
		5D07FBA92470C0B4005F2E33 /* Build configuration list for PBXProject "spark" */ = {
			isa = XCConfigurationList;
			buildConfigurations = (
				5D07FBD62470C0B5005F2E33 /* Debug */,
				5D07FBD72470C0B5005F2E33 /* Release */,
			);
			defaultConfigurationIsVisible = 0;
			defaultConfigurationName = Release;
		};
		5D07FBD82470C0B5005F2E33 /* Build configuration list for PBXNativeTarget "spark" */ = {
			isa = XCConfigurationList;
			buildConfigurations = (
				5D07FBD92470C0B5005F2E33 /* Debug */,
				5D07FBDA2470C0B5005F2E33 /* Release */,
			);
			defaultConfigurationIsVisible = 0;
			defaultConfigurationName = Release;
		};
		5D07FBDB2470C0B5005F2E33 /* Build configuration list for PBXNativeTarget "sparkTests" */ = {
			isa = XCConfigurationList;
			buildConfigurations = (
				5D07FBDC2470C0B5005F2E33 /* Debug */,
				5D07FBDD2470C0B5005F2E33 /* Release */,
			);
			defaultConfigurationIsVisible = 0;
			defaultConfigurationName = Release;
		};
		5D07FBDE2470C0B5005F2E33 /* Build configuration list for PBXNativeTarget "sparkUITests" */ = {
			isa = XCConfigurationList;
			buildConfigurations = (
				5D07FBDF2470C0B5005F2E33 /* Debug */,
				5D07FBE02470C0B5005F2E33 /* Release */,
			);
			defaultConfigurationIsVisible = 0;
			defaultConfigurationName = Release;
		};
/* End XCConfigurationList section */
	};
	rootObject = 5D07FBA62470C0B4005F2E33 /* Project object */;
}
